Microsoft Visual Studio Solution File, Format Version 12.00
# Visual Studio Version 17
VisualStudioVersion = 17.5.2.0
MinimumVisualStudioVersion = 10.0.40219.1
Project("{FAE04EC0-301F-11D3-BF4B-00C04F79EFBC}") = "ZigBeeNet.Ember.CodeGenerator2", "ZigBeeNet.Ember.CodeGenerator2.csproj", "{B18D0084-4651-6C17-40C5-34F0C068A49C}"
EndProject
Global
	GlobalSection(SolutionConfigurationPlatforms) = preSolution
		Debug|Any CPU = Debug|Any CPU
		Release|Any CPU = Release|Any CPU
	EndGlobalSection
	GlobalSection(ProjectConfigurationPlatforms) = postSolution
		{B18D0084-4651-6C17-40C5-34F0C068A49C}.Debug|Any CPU.ActiveCfg = Debug|Any CPU
		{B18D0084-4651-6C17-40C5-34F0C068A49C}.Debug|Any CPU.Build.0 = Debug|Any CPU
		{B18D0084-4651-6C17-40C5-34F0C068A49C}.Release|Any CPU.ActiveCfg = Release|Any CPU
		{B18D0084-4651-6C17-40C5-34F0C068A49C}.Release|Any CPU.Build.0 = Release|Any CPU
	EndGlobalSection
	GlobalSection(SolutionProperties) = preSolution
		HideSolutionNode = FALSE
	EndGlobalSection
	GlobalSection(ExtensibilityGlobals) = postSolution
		SolutionGuid = {9659D806-42BE-444B-9E5D-AE4AEC978081}
	EndGlobalSection
EndGlobal
